// !$*UTF8*$!
{
	archiveVersion = 1;
	classes = {
	};
	objectVersion = 56;
	objects = {

/* Begin PBXBuildFile section */
		0F6F58BA2989394400E5CBFA /* AppDelegate.swift in Sources */ = {isa = PBXBuildFile; fileRef = 0F6F58B92989394400E5CBFA /* AppDelegate.swift */; };
		0F6F58BC2989394400E5CBFA /* SceneDelegate.swift in Sources */ = {isa = PBXBuildFile; fileRef = 0F6F58BB2989394400E5CBFA /* SceneDelegate.swift */; };
		0F6F58BE2989394400E5CBFA /* ViewController.swift in Sources */ = {isa = PBXBuildFile; fileRef = 0F6F58BD2989394400E5CBFA /* ViewController.swift */; };
		0F6F58C12989394400E5CBFA /* Main.storyboard in Resources */ = {isa = PBXBuildFile; fileRef = 0F6F58BF2989394400E5CBFA /* Main.storyboard */; };
		0F6F58C32989394600E5CBFA /* Assets.xcassets in Resources */ = {isa = PBXBuildFile; fileRef = 0F6F58C22989394600E5CBFA /* Assets.xcassets */; };
		0F6F58C62989394600E5CBFA /* LaunchScreen.storyboard in Resources */ = {isa = PBXBuildFile; fileRef = 0F6F58C42989394600E5CBFA /* LaunchScreen.storyboard */; };
		0F6F58D12989394600E5CBFA /* DemoForIosTests.swift in Sources */ = {isa = PBXBuildFile; fileRef = 0F6F58D02989394600E5CBFA /* DemoForIosTests.swift */; };
		0F6F58DB2989394600E5CBFA /* DemoForIosUITests.swift in Sources */ = {isa = PBXBuildFile; fileRef = 0F6F58DA2989394600E5CBFA /* DemoForIosUITests.swift */; };
		0F6F58DD2989394600E5CBFA /* DemoForIosUITestsLaunchTests.swift in Sources */ = {isa = PBXBuildFile; fileRef = 0F6F58DC2989394600E5CBFA /* DemoForIosUITestsLaunchTests.swift */; };
/* End PBXBuildFile section */

/* Begin PBXContainerItemProxy section */
		0F6F58CD2989394600E5CBFA /* PBXContainerItemProxy */ = {
			isa = PBXContainerItemProxy;
			containerPortal = 0F6F58AE2989394400E5CBFA /* Project object */;
			proxyType = 1;
			remoteGlobalIDString = 0F6F58B52989394400E5CBFA;
			remoteInfo = DemoForIos;
		};
		0F6F58D72989394600E5CBFA /* PBXContainerItemProxy */ = {
			isa = PBXContainerItemProxy;
			containerPortal = 0F6F58AE2989394400E5CBFA /* Project object */;
			proxyType = 1;
			remoteGlobalIDString = 0F6F58B52989394400E5CBFA;
			remoteInfo = DemoForIos;
		};
/* End PBXContainerItemProxy section */

/* Begin PBXFileReference section */
		0F6F58B62989394400E5CBFA /* DemoForIos.app */ = {isa = PBXFileReference; explicitFileType = wrapper.application; includeInIndex = 0; path = DemoForIos.app; sourceTree = BUILT_PRODUCTS_DIR; };
		0F6F58B92989394400E5CBFA /* AppDelegate.swift */ = {isa = PBXFileReference; lastKnownFileType = sourcecode.swift; path = AppDelegate.swift; sourceTree = "<group>"; };
		0F6F58BB2989394400E5CBFA /* SceneDelegate.swift */ = {isa = PBXFileReference; lastKnownFileType = sourcecode.swift; path = SceneDelegate.swift; sourceTree = "<group>"; };
		0F6F58BD2989394400E5CBFA /* ViewController.swift */ = {isa = PBXFileReference; lastKnownFileType = sourcecode.swift; path = ViewController.swift; sourceTree = "<group>"; };
		0F6F58C02989394400E5CBFA /* Base */ = {isa = PBXFileReference; lastKnownFileType = file.storyboard; name = Base; path = Base.lproj/Main.storyboard; sourceTree = "<group>"; };
		0F6F58C22989394600E5CBFA /* Assets.xcassets */ = {isa = PBXFileReference; lastKnownFileType = folder.assetcatalog; path = Assets.xcassets; sourceTree = "<group>"; };
		0F6F58C52989394600E5CBFA /* Base */ = {isa = PBXFileReference; lastKnownFileType = file.storyboard; name = Base; path = Base.lproj/LaunchScreen.storyboard; sourceTree = "<group>"; };
		0F6F58C72989394600E5CBFA /* Info.plist */ = {isa = PBXFileReference; lastKnownFileType = text.plist.xml; path = Info.plist; sourceTree = "<group>"; };
		0F6F58CC2989394600E5CBFA /* DemoForIosTests.xctest */ = {isa = PBXFileReference; explicitFileType = wrapper.cfbundle; includeInIndex = 0; path = DemoForIosTests.xctest; sourceTree = BUILT_PRODUCTS_DIR; };
		0F6F58D02989394600E5CBFA /* DemoForIosTests.swift */ = {isa = PBXFileReference; lastKnownFileType = sourcecode.swift; path = DemoForIosTests.swift; sourceTree = "<group>"; };
		0F6F58D62989394600E5CBFA /* DemoForIosUITests.xctest */ = {isa = PBXFileReference; explicitFileType = wrapper.cfbundle; includeInIndex = 0; path = DemoForIosUITests.xctest; sourceTree = BUILT_PRODUCTS_DIR; };
		0F6F58DA2989394600E5CBFA /* DemoForIosUITests.swift */ = {isa = PBXFileReference; lastKnownFileType = sourcecode.swift; path = DemoForIosUITests.swift; sourceTree = "<group>"; };
		0F6F58DC2989394600E5CBFA /* DemoForIosUITestsLaunchTests.swift */ = {isa = PBXFileReference; lastKnownFileType = sourcecode.swift; path = DemoForIosUITestsLaunchTests.swift; sourceTree = "<group>"; };
/* End PBXFileReference section */

/* Begin PBXFrameworksBuildPhase section */
		0F6F58B32989394400E5CBFA /* Frameworks */ = {
			isa = PBXFrameworksBuildPhase;
			buildActionMask = 2147483647;
			files = (
			);
			runOnlyForDeploymentPostprocessing = 0;
		};
		0F6F58C92989394600E5CBFA /* Frameworks */ = {
			isa = PBXFrameworksBuildPhase;
			buildActionMask = 2147483647;
			files = (
			);
			runOnlyForDeploymentPostprocessing = 0;
		};
		0F6F58D32989394600E5CBFA /* Frameworks */ = {
			isa = PBXFrameworksBuildPhase;
			buildActionMask = 2147483647;
			files = (
			);
			runOnlyForDeploymentPostprocessing = 0;
		};
/* End PBXFrameworksBuildPhase section */

/* Begin PBXGroup section */
		0F6F58AD2989394400E5CBFA = {
			isa = PBXGroup;
			children = (
				0F6F58B82989394400E5CBFA /* DemoForIos */,
				0F6F58CF2989394600E5CBFA /* DemoForIosTests */,
				0F6F58D92989394600E5CBFA /* DemoForIosUITests */,
				0F6F58B72989394400E5CBFA /* Products */,
				0F94F54C29A8A16400B3EBDA /* Frameworks */,
			);
			sourceTree = "<group>";
		};
		0F6F58B72989394400E5CBFA /* Products */ = {
			isa = PBXGroup;
			children = (
				0F6F58B62989394400E5CBFA /* DemoForIos.app */,
				0F6F58CC2989394600E5CBFA /* DemoForIosTests.xctest */,
				0F6F58D62989394600E5CBFA /* DemoForIosUITests.xctest */,
			);
			name = Products;
			sourceTree = "<group>";
		};
		0F6F58B82989394400E5CBFA /* DemoForIos */ = {
			isa = PBXGroup;
			children = (
				0F6F58B92989394400E5CBFA /* AppDelegate.swift */,
				0F6F58BB2989394400E5CBFA /* SceneDelegate.swift */,
				0F6F58BD2989394400E5CBFA /* ViewController.swift */,
				0F6F58BF2989394400E5CBFA /* Main.storyboard */,
				0F6F58C22989394600E5CBFA /* Assets.xcassets */,
				0F6F58C42989394600E5CBFA /* LaunchScreen.storyboard */,
				0F6F58C72989394600E5CBFA /* Info.plist */,
			);
			path = DemoForIos;
			sourceTree = "<group>";
		};
		0F6F58CF2989394600E5CBFA /* DemoForIosTests */ = {
			isa = PBXGroup;
			children = (
				0F6F58D02989394600E5CBFA /* DemoForIosTests.swift */,
			);
			path = DemoForIosTests;
			sourceTree = "<group>";
		};
		0F6F58D92989394600E5CBFA /* DemoForIosUITests */ = {
			isa = PBXGroup;
			children = (
				0F6F58DA2989394600E5CBFA /* DemoForIosUITests.swift */,
				0F6F58DC2989394600E5CBFA /* DemoForIosUITestsLaunchTests.swift */,
			);
			path = DemoForIosUITests;
			sourceTree = "<group>";
		};
		0F94F54C29A8A16400B3EBDA /* Frameworks */ = {
			isa = PBXGroup;
			children = (
			);
			name = Frameworks;
			sourceTree = "<group>";
		};
/* End PBXGroup section */

/* Begin PBXNativeTarget section */
		0F6F58B52989394400E5CBFA /* DemoForIos */ = {
			isa = PBXNativeTarget;
			buildConfigurationList = 0F6F58E02989394600E5CBFA /* Build configuration list for PBXNativeTarget "DemoForIos" */;
			buildPhases = (
				0F6F58B22989394400E5CBFA /* Sources */,
				0F6F58B32989394400E5CBFA /* Frameworks */,
				0F6F58B42989394400E5CBFA /* Resources */,
			);
			buildRules = (
			);
			dependencies = (
			);
			name = DemoForIos;
			productName = DemoForIos;
			productReference = 0F6F58B62989394400E5CBFA /* DemoForIos.app */;
			productType = "com.apple.product-type.application";
		};
		0F6F58CB2989394600E5CBFA /* DemoForIosTests */ = {
			isa = PBXNativeTarget;
			buildConfigurationList = 0F6F58E32989394600E5CBFA /* Build configuration list for PBXNativeTarget "DemoForIosTests" */;
			buildPhases = (
				0F6F58C82989394600E5CBFA /* Sources */,
				0F6F58C92989394600E5CBFA /* Frameworks */,
				0F6F58CA2989394600E5CBFA /* Resources */,
			);
			buildRules = (
			);
			dependencies = (
				0F6F58CE2989394600E5CBFA /* PBXTargetDependency */,
			);
			name = DemoForIosTests;
			productName = DemoForIosTests;
			productReference = 0F6F58CC2989394600E5CBFA /* DemoForIosTests.xctest */;
			productType = "com.apple.product-type.bundle.unit-test";
		};
		0F6F58D52989394600E5CBFA /* DemoForIosUITests */ = {
			isa = PBXNativeTarget;
			buildConfigurationList = 0F6F58E62989394600E5CBFA /* Build configuration list for PBXNativeTarget "DemoForIosUITests" */;
			buildPhases = (
				0F6F58D22989394600E5CBFA /* Sources */,
				0F6F58D32989394600E5CBFA /* Frameworks */,
				0F6F58D42989394600E5CBFA /* Resources */,
			);
			buildRules = (
			);
			dependencies = (
				0F6F58D82989394600E5CBFA /* PBXTargetDependency */,
			);
			name = DemoForIosUITests;
			productName = DemoForIosUITests;
			productReference = 0F6F58D62989394600E5CBFA /* DemoForIosUITests.xctest */;
			productType = "com.apple.product-type.bundle.ui-testing";
		};
/* End PBXNativeTarget section */

/* Begin PBXProject section */
		0F6F58AE2989394400E5CBFA /* Project object */ = {
			isa = PBXProject;
			attributes = {
				BuildIndependentTargetsInParallel = 1;
				LastSwiftUpdateCheck = 1410;
				LastUpgradeCheck = 1410;
				TargetAttributes = {
					0F6F58B52989394400E5CBFA = {
						CreatedOnToolsVersion = 14.1;
					};
					0F6F58CB2989394600E5CBFA = {
						CreatedOnToolsVersion = 14.1;
						TestTargetID = 0F6F58B52989394400E5CBFA;
					};
					0F6F58D52989394600E5CBFA = {
						CreatedOnToolsVersion = 14.1;
						TestTargetID = 0F6F58B52989394400E5CBFA;
					};
				};
			};
			buildConfigurationList = 0F6F58B12989394400E5CBFA /* Build configuration list for PBXProject "DemoForIos" */;
			compatibilityVersion = "Xcode 14.0";
			developmentRegion = en;
			hasScannedForEncodings = 0;
			knownRegions = (
				en,
				Base,
			);
			mainGroup = 0F6F58AD2989394400E5CBFA;
			productRefGroup = 0F6F58B72989394400E5CBFA /* Products */;
			projectDirPath = "";
			projectRoot = "";
			targets = (
				0F6F58B52989394400E5CBFA /* DemoForIos */,
				0F6F58CB2989394600E5CBFA /* DemoForIosTests */,
				0F6F58D52989394600E5CBFA /* DemoForIosUITests */,
			);
		};
/* End PBXProject section */

/* Begin PBXResourcesBuildPhase section */
		0F6F58B42989394400E5CBFA /* Resources */ = {
			isa = PBXResourcesBuildPhase;
			buildActionMask = 2147483647;
			files = (
				0F6F58C62989394600E5CBFA /* LaunchScreen.storyboard in Resources */,
				0F6F58C32989394600E5CBFA /* Assets.xcassets in Resources */,
				0F6F58C12989394400E5CBFA /* Main.storyboard in Resources */,
			);
			runOnlyForDeploymentPostprocessing = 0;
		};
		0F6F58CA2989394600E5CBFA /* Resources */ = {
			isa = PBXResourcesBuildPhase;
			buildActionMask = 2147483647;
			files = (
			);
			runOnlyForDeploymentPostprocessing = 0;
		};
		0F6F58D42989394600E5CBFA /* Resources */ = {
			isa = PBXResourcesBuildPhase;
			buildActionMask = 2147483647;
			files = (
			);
			runOnlyForDeploymentPostprocessing = 0;
		};
/* End PBXResourcesBuildPhase section */

/* Begin PBXSourcesBuildPhase section */
		0F6F58B22989394400E5CBFA /* Sources */ = {
			isa = PBXSourcesBuildPhase;
			buildActionMask = 2147483647;
			files = (
				0F6F58BE2989394400E5CBFA /* ViewController.swift in Sources */,
				0F6F58BA2989394400E5CBFA /* AppDelegate.swift in Sources */,
				0F6F58BC2989394400E5CBFA /* SceneDelegate.swift in Sources */,
			);
			runOnlyForDeploymentPostprocessing = 0;
		};
		0F6F58C82989394600E5CBFA /* Sources */ = {
			isa = PBXSourcesBuildPhase;
			buildActionMask = 2147483647;
			files = (
				0F6F58D12989394600E5CBFA /* DemoForIosTests.swift in Sources */,
			);
			runOnlyForDeploymentPostprocessing = 0;
		};
		0F6F58D22989394600E5CBFA /* Sources */ = {
			isa = PBXSourcesBuildPhase;
			buildActionMask = 2147483647;
			files = (
				0F6F58DB2989394600E5CBFA /* DemoForIosUITests.swift in Sources */,
				0F6F58DD2989394600E5CBFA /* DemoForIosUITestsLaunchTests.swift in Sources */,
			);
			runOnlyForDeploymentPostprocessing = 0;
		};
/* End PBXSourcesBuildPhase section */

/* Begin PBXTargetDependency section */
		0F6F58CE2989394600E5CBFA /* PBXTargetDependency */ = {
			isa = PBXTargetDependency;
			target = 0F6F58B52989394400E5CBFA /* DemoForIos */;
			targetProxy = 0F6F58CD2989394600E5CBFA /* PBXContainerItemProxy */;
		};
		0F6F58D82989394600E5CBFA /* PBXTargetDependency */ = {
			isa = PBXTargetDependency;
			target = 0F6F58B52989394400E5CBFA /* DemoForIos */;
			targetProxy = 0F6F58D72989394600E5CBFA /* PBXContainerItemProxy */;
		};
/* End PBXTargetDependency section */

/* Begin PBXVariantGroup section */
		0F6F58BF2989394400E5CBFA /* Main.storyboard */ = {
			isa = PBXVariantGroup;
			children = (
				0F6F58C02989394400E5CBFA /* Base */,
			);
			name = Main.storyboard;
			sourceTree = "<group>";
		};
		0F6F58C42989394600E5CBFA /* LaunchScreen.storyboard */ = {
			isa = PBXVariantGroup;
			children = (
				0F6F58C52989394600E5CBFA /* Base */,
			);
			name = LaunchScreen.storyboard;
			sourceTree = "<group>";
		};
/* End PBXVariantGroup section */

/* Begin XCBuildConfiguration section */
		0F6F58DE2989394600E5CBFA /* Debug */ = {
			isa = XCBuildConfiguration;
			buildSettings = {
				ALWAYS_SEARCH_USER_PATHS = NO;
				CLANG_ANALYZER_NONNULL = YES;
				CLANG_ANALYZER_NUMBER_OBJECT_CONVERSION = YES_AGGRESSIVE;
				CLANG_CXX_LANGUAGE_STANDARD = "gnu++20";
				CLANG_ENABLE_MODULES = YES;
				CLANG_ENABLE_OBJC_ARC = YES;
				CLANG_ENABLE_OBJC_WEAK = YES;
				CLANG_WARN_BLOCK_CAPTURE_AUTORELEASING = YES;
				CLANG_WARN_BOOL_CONVERSION = YES;
				CLANG_WARN_COMMA = YES;
				CLANG_WARN_CONSTANT_CONVERSION = YES;
				CLANG_WARN_DEPRECATED_OBJC_IMPLEMENTATIONS = YES;
				CLANG_WARN_DIRECT_OBJC_ISA_USAGE = YES_ERROR;
				CLANG_WARN_DOCUMENTATION_COMMENTS = YES;
				CLANG_WARN_EMPTY_BODY = YES;
				CLANG_WARN_ENUM_CONVERSION = YES;
				CLANG_WARN_INFINITE_RECURSION = YES;
				CLANG_WARN_INT_CONVERSION = YES;
				CLANG_WARN_NON_LITERAL_NULL_CONVERSION = YES;
				CLANG_WARN_OBJC_IMPLICIT_RETAIN_SELF = YES;
				CLANG_WARN_OBJC_LITERAL_CONVERSION = YES;
				CLANG_WARN_OBJC_ROOT_CLASS = YES_ERROR;
				CLANG_WARN_QUOTED_INCLUDE_IN_FRAMEWORK_HEADER = YES;
				CLANG_WARN_RANGE_LOOP_ANALYSIS = YES;
				CLANG_WARN_STRICT_PROTOTYPES = YES;
				CLANG_WARN_SUSPICIOUS_MOVE = YES;
				CLANG_WARN_UNGUARDED_AVAILABILITY = YES_AGGRESSIVE;
				CLANG_WARN_UNREACHABLE_CODE = YES;
				CLANG_WARN__DUPLICATE_METHOD_MATCH = YES;
				COPY_PHASE_STRIP = NO;
				DEBUG_INFORMATION_FORMAT = dwarf;
				ENABLE_STRICT_OBJC_MSGSEND = YES;
				ENABLE_TESTABILITY = YES;
				GCC_C_LANGUAGE_STANDARD = gnu11;
				GCC_DYNAMIC_NO_PIC = NO;
				GCC_NO_COMMON_BLOCKS = YES;
				GCC_OPTIMIZATION_LEVEL = 0;
				GCC_PREPROCESSOR_DEFINITIONS = (
					"DEBUG=1",
					"$(inherited)",
				);
				GCC_WARN_64_TO_32_BIT_CONVERSION = YES;
				GCC_WARN_ABOUT_RETURN_TYPE = YES_ERROR;
				GCC_WARN_UNDECLARED_SELECTOR = YES;
				GCC_WARN_UNINITIALIZED_AUTOS = YES_AGGRESSIVE;
				GCC_WARN_UNUSED_FUNCTION = YES;
				GCC_WARN_UNUSED_VARIABLE = YES;
				IPHONEOS_DEPLOYMENT_TARGET = 16.1;
				MTL_ENABLE_DEBUG_INFO = INCLUDE_SOURCE;
				MTL_FAST_MATH = YES;
				ONLY_ACTIVE_ARCH = YES;
				SDKROOT = iphoneos;
				SWIFT_ACTIVE_COMPILATION_CONDITIONS = DEBUG;
				SWIFT_OPTIMIZATION_LEVEL = "-Onone";
			};
			name = Debug;
		};
		0F6F58DF2989394600E5CBFA /* Release */ = {
			isa = XCBuildConfiguration;
			buildSettings = {
				ALWAYS_SEARCH_USER_PATHS = NO;
				CLANG_ANALYZER_NONNULL = YES;
				CLANG_ANALYZER_NUMBER_OBJECT_CONVERSION = YES_AGGRESSIVE;
				CLANG_CXX_LANGUAGE_STANDARD = "gnu++20";
				CLANG_ENABLE_MODULES = YES;
				CLANG_ENABLE_OBJC_ARC = YES;
				CLANG_ENABLE_OBJC_WEAK = YES;
				CLANG_WARN_BLOCK_CAPTURE_AUTORELEASING = YES;
				CLANG_WARN_BOOL_CONVERSION = YES;
				CLANG_WARN_COMMA = YES;
				CLANG_WARN_CONSTANT_CONVERSION = YES;
				CLANG_WARN_DEPRECATED_OBJC_IMPLEMENTATIONS = YES;
				CLANG_WARN_DIRECT_OBJC_ISA_USAGE = YES_ERROR;
				CLANG_WARN_DOCUMENTATION_COMMENTS = YES;
				CLANG_WARN_EMPTY_BODY = YES;
				CLANG_WARN_ENUM_CONVERSION = YES;
				CLANG_WARN_INFINITE_RECURSION = YES;
				CLANG_WARN_INT_CONVERSION = YES;
				CLANG_WARN_NON_LITERAL_NULL_CONVERSION = YES;
				CLANG_WARN_OBJC_IMPLICIT_RETAIN_SELF = YES;
				CLANG_WARN_OBJC_LITERAL_CONVERSION = YES;
				CLANG_WARN_OBJC_ROOT_CLASS = YES_ERROR;
				CLANG_WARN_QUOTED_INCLUDE_IN_FRAMEWORK_HEADER = YES;
				CLANG_WARN_RANGE_LOOP_ANALYSIS = YES;
				CLANG_WARN_STRICT_PROTOTYPES = YES;
				CLANG_WARN_SUSPICIOUS_MOVE = YES;
				CLANG_WARN_UNGUARDED_AVAILABILITY = YES_AGGRESSIVE;
				CLANG_WARN_UNREACHABLE_CODE = YES;
				CLANG_WARN__DUPLICATE_METHOD_MATCH = YES;
				COPY_PHASE_STRIP = NO;
				DEBUG_INFORMATION_FORMAT = "dwarf-with-dsym";
				ENABLE_NS_ASSERTIONS = NO;
				ENABLE_STRICT_OBJC_MSGSEND = YES;
				GCC_C_LANGUAGE_STANDARD = gnu11;
				GCC_NO_COMMON_BLOCKS = YES;
				GCC_WARN_64_TO_32_BIT_CONVERSION = YES;
				GCC_WARN_ABOUT_RETURN_TYPE = YES_ERROR;
				GCC_WARN_UNDECLARED_SELECTOR = YES;
				GCC_WARN_UNINITIALIZED_AUTOS = YES_AGGRESSIVE;
				GCC_WARN_UNUSED_FUNCTION = YES;
				GCC_WARN_UNUSED_VARIABLE = YES;
				IPHONEOS_DEPLOYMENT_TARGET = 16.1;
				MTL_ENABLE_DEBUG_INFO = NO;
				MTL_FAST_MATH = YES;
				SDKROOT = iphoneos;
				SWIFT_COMPILATION_MODE = wholemodule;
				SWIFT_OPTIMIZATION_LEVEL = "-O";
				VALIDATE_PRODUCT = YES;
			};
			name = Release;
		};
		0F6F58E12989394600E5CBFA /* Debug */ = {
			isa = XCBuildConfiguration;
			buildSettings = {
				ASSETCATALOG_COMPILER_APPICON_NAME = AppIcon;
				ASSETCATALOG_COMPILER_GLOBAL_ACCENT_COLOR_NAME = AccentColor;
				CODE_SIGN_STYLE = Automatic;
				CURRENT_PROJECT_VERSION = 1;
				DEVELOPMENT_TEAM = VYK3739A45;
				GENERATE_INFOPLIST_FILE = YES;
				INFOPLIST_FILE = DemoForIos/Info.plist;
				INFOPLIST_KEY_UIApplicationSupportsIndirectInputEvents = YES;
				INFOPLIST_KEY_UILaunchStoryboardName = LaunchScreen;
				INFOPLIST_KEY_UIMainStoryboardFile = Main;
				INFOPLIST_KEY_UISupportedInterfaceOrientations_iPad = "UIInterfaceOrientationPortrait UIInterfaceOrientationPortraitUpsideDown UIInterfaceOrientationLandscapeLeft UIInterfaceOrientationLandscapeRight";
				INFOPLIST_KEY_UISupportedInterfaceOrientations_iPhone = "UIInterfaceOrientationPortrait UIInterfaceOrientationLandscapeLeft UIInterfaceOrientationLandscapeRight";
				LD_RUNPATH_SEARCH_PATHS = (
					"$(inherited)",
					"@executable_path/Frameworks",
				);
				MARKETING_VERSION = 1.0;
				PRODUCT_BUNDLE_IDENTIFIER = com.ma.DemoForIos;
				PRODUCT_NAME = "$(TARGET_NAME)";
				SWIFT_EMIT_LOC_STRINGS = YES;
				SWIFT_VERSION = 5.0;
				TARGETED_DEVICE_FAMILY = "1,2";
			};
			name = Debug;
		};
		0F6F58E22989394600E5CBFA /* Release */ = {
			isa = XCBuildConfiguration;
			buildSettings = {
				ASSETCATALOG_COMPILER_APPICON_NAME = AppIcon;
				ASSETCATALOG_COMPILER_GLOBAL_ACCENT_COLOR_NAME = AccentColor;
				CODE_SIGN_STYLE = Automatic;
				CURRENT_PROJECT_VERSION = 1;
				DEVELOPMENT_TEAM = VYK3739A45;
				GENERATE_INFOPLIST_FILE = YES;
				INFOPLIST_FILE = DemoForIos/Info.plist;
				INFOPLIST_KEY_UIApplicationSupportsIndirectInputEvents = YES;
				INFOPLIST_KEY_UILaunchStoryboardName = LaunchScreen;
				INFOPLIST_KEY_UIMainStoryboardFile = Main;
				INFOPLIST_KEY_UISupportedInterfaceOrientations_iPad = "UIInterfaceOrientationPortrait UIInterfaceOrientationPortraitUpsideDown UIInterfaceOrientationLandscapeLeft UIInterfaceOrientationLandscapeRight";
				INFOPLIST_KEY_UISupportedInterfaceOrientations_iPhone = "UIInterfaceOrientationPortrait UIInterfaceOrientationLandscapeLeft UIInterfaceOrientationLandscapeRight";
				LD_RUNPATH_SEARCH_PATHS = (
					"$(inherited)",
					"@executable_path/Frameworks",
				);
				MARKETING_VERSION = 1.0;
				PRODUCT_BUNDLE_IDENTIFIER = com.ma.DemoForIos;
				PRODUCT_NAME = "$(TARGET_NAME)";
				SWIFT_EMIT_LOC_STRINGS = YES;
				SWIFT_VERSION = 5.0;
				TARGETED_DEVICE_FAMILY = "1,2";
			};
			name = Release;
		};
		0F6F58E42989394600E5CBFA /* Debug */ = {
			isa = XCBuildConfiguration;
			buildSettings = {
				ALWAYS_EMBED_SWIFT_STANDARD_LIBRARIES = YES;
				BUNDLE_LOADER = "$(TEST_HOST)";
				CODE_SIGN_STYLE = Automatic;
				CURRENT_PROJECT_VERSION = 1;
				GENERATE_INFOPLIST_FILE = YES;
				IPHONEOS_DEPLOYMENT_TARGET = 16.1;
				MARKETING_VERSION = 1.0;
				PRODUCT_BUNDLE_IDENTIFIER = com.ma.DemoForIosTests;
				PRODUCT_NAME = "$(TARGET_NAME)";
				SWIFT_EMIT_LOC_STRINGS = NO;
				SWIFT_VERSION = 5.0;
				TARGETED_DEVICE_FAMILY = "1,2";
				TEST_HOST = "$(BUILT_PRODUCTS_DIR)/DemoForIos.app/$(BUNDLE_EXECUTABLE_FOLDER_PATH)/DemoForIos";
			};
			name = Debug;
		};
		0F6F58E52989394600E5CBFA /* Release */ = {
			isa = XCBuildConfiguration;
			buildSettings = {
				ALWAYS_EMBED_SWIFT_STANDARD_LIBRARIES = YES;
				BUNDLE_LOADER = "$(TEST_HOST)";
				CODE_SIGN_STYLE = Automatic;
				CURRENT_PROJECT_VERSION = 1;
				GENERATE_INFOPLIST_FILE = YES;
				IPHONEOS_DEPLOYMENT_TARGET = 16.1;
				MARKETING_VERSION = 1.0;
				PRODUCT_BUNDLE_IDENTIFIER = com.ma.DemoForIosTests;
				PRODUCT_NAME = "$(TARGET_NAME)";
				SWIFT_EMIT_LOC_STRINGS = NO;
				SWIFT_VERSION = 5.0;
				TARGETED_DEVICE_FAMILY = "1,2";
				TEST_HOST = "$(BUILT_PRODUCTS_DIR)/DemoForIos.app/$(BUNDLE_EXECUTABLE_FOLDER_PATH)/DemoForIos";
			};
			name = Release;
		};
		0F6F58E72989394600E5CBFA /* Debug */ = {
			isa = XCBuildConfiguration;
			buildSettings = {
				ALWAYS_EMBED_SWIFT_STANDARD_LIBRARIES = YES;
				CODE_SIGN_STYLE = Automatic;
				CURRENT_PROJECT_VERSION = 1;
				GENERATE_INFOPLIST_FILE = YES;
				MARKETING_VERSION = 1.0;
				PRODUCT_BUNDLE_IDENTIFIER = com.ma.DemoForIosUITests;
				PRODUCT_NAME = "$(TARGET_NAME)";
				SWIFT_EMIT_LOC_STRINGS = NO;
				SWIFT_VERSION = 5.0;
				TARGETED_DEVICE_FAMILY = "1,2";
				TEST_TARGET_NAME = DemoForIos;
			};
			name = Debug;
		};
		0F6F58E82989394600E5CBFA /* Release */ = {
			isa = XCBuildConfiguration;
			buildSettings = {
				ALWAYS_EMBED_SWIFT_STANDARD_LIBRARIES = YES;
				CODE_SIGN_STYLE = Automatic;
				CURRENT_PROJECT_VERSION = 1;
				GENERATE_INFOPLIST_FILE = YES;
				MARKETING_VERSION = 1.0;
				PRODUCT_BUNDLE_IDENTIFIER = com.ma.DemoForIosUITests;
				PRODUCT_NAME = "$(TARGET_NAME)";
				SWIFT_EMIT_LOC_STRINGS = NO;
				SWIFT_VERSION = 5.0;
				TARGETED_DEVICE_FAMILY = "1,2";
				TEST_TARGET_NAME = DemoForIos;
			};
			name = Release;
		};
/* End XCBuildConfiguration section */

/* Begin XCConfigurationList section */
		0F6F58B12989394400E5CBFA /* Build configuration list for PBXProject "DemoForIos" */ = {
			isa = XCConfigurationList;
			buildConfigurations = (
				0F6F58DE2989394600E5CBFA /* Debug */,
				0F6F58DF2989394600E5CBFA /* Release */,
			);
			defaultConfigurationIsVisible = 0;
			defaultConfigurationName = Release;
		};
		0F6F58E02989394600E5CBFA /* Build configuration list for PBXNativeTarget "DemoForIos" */ = {
			isa = XCConfigurationList;
			buildConfigurations = (
				0F6F58E12989394600E5CBFA /* Debug */,
				0F6F58E22989394600E5CBFA /* Release */,
			);
			defaultConfigurationIsVisible = 0;
			defaultConfigurationName = Release;
		};
		0F6F58E32989394600E5CBFA /* Build configuration list for PBXNativeTarget "DemoForIosTests" */ = {
			isa = XCConfigurationList;
			buildConfigurations = (
				0F6F58E42989394600E5CBFA /* Debug */,
				0F6F58E52989394600E5CBFA /* Release */,
			);
			defaultConfigurationIsVisible = 0;
			defaultConfigurationName = Release;
		};
		0F6F58E62989394600E5CBFA /* Build configuration list for PBXNativeTarget "DemoForIosUITests" */ = {
			isa = XCConfigurationList;
			buildConfigurations = (
				0F6F58E72989394600E5CBFA /* Debug */,
				0F6F58E82989394600E5CBFA /* Release */,
			);
			defaultConfigurationIsVisible = 0;
			defaultConfigurationName = Release;
		};
/* End XCConfigurationList section */
	};
	rootObject = 0F6F58AE2989394400E5CBFA /* Project object */;
}
